
Microsoft Visual Studio Solution File, Format Version 11.00
# Visual Studio 2010
Project("{FAE04EC0-301F-11D3-BF4B-00C04F79EFBC}") = "EmailClient", "EmailClient\EmailClient.csproj", "{F3A74230-5989-4935-9286-AD8933F89179}"
EndProject
Project("{2150E333-8FDC-42A3-9474-1A3956D46DE8}") = "Tests", "Tests", "{18DB7FEB-4A0C-4349-AA1E-21383FC644C9}"
EndProject
Project("{2150E333-8FDC-42A3-9474-1A3956D46DE8}") = "Solution Items", "Solution Items", "{5FF4BCF8-8C17-4128-9630-217DAD8C2585}"
	ProjectSection(SolutionItems) = preProject
		EmailClient.vsmdi = EmailClient.vsmdi
		Local.testsettings = Local.testsettings
		TraceAndTestImpact.testsettings = TraceAndTestImpact.testsettings
	EndProjectSection
EndProject
Project("{FAE04EC0-301F-11D3-BF4B-00C04F79EFBC}") = "EmailClient.UnitTests", "EmailClient.UnitTests\EmailClient.UnitTests.csproj", "{71016BD8-FBF1-4BEF-B432-5A94E62B9353}"
EndProject
Global
	GlobalSection(TestCaseManagementSettings) = postSolution
		CategoryFile = EmailClient.vsmdi
	EndGlobalSection
	GlobalSection(SolutionConfigurationPlatforms) = preSolution
		Debug|Any CPU = Debug|Any CPU
		Release|Any CPU = Release|Any CPU
	EndGlobalSection
	GlobalSection(ProjectConfigurationPlatforms) = postSolution
		{F3A74230-5989-4935-9286-AD8933F89179}.Debug|Any CPU.ActiveCfg = Debug|Any CPU
		{F3A74230-5989-4935-9286-AD8933F89179}.Debug|Any CPU.Build.0 = Debug|Any CPU
		{F3A74230-5989-4935-9286-AD8933F89179}.Release|Any CPU.ActiveCfg = Release|Any CPU
		{F3A74230-5989-4935-9286-AD8933F89179}.Release|Any CPU.Build.0 = Release|Any CPU
		{71016BD8-FBF1-4BEF-B432-5A94E62B9353}.Debug|Any CPU.ActiveCfg = Debug|Any CPU
		{71016BD8-FBF1-4BEF-B432-5A94E62B9353}.Debug|Any CPU.Build.0 = Debug|Any CPU
		{71016BD8-FBF1-4BEF-B432-5A94E62B9353}.Release|Any CPU.ActiveCfg = Release|Any CPU
		{71016BD8-FBF1-4BEF-B432-5A94E62B9353}.Release|Any CPU.Build.0 = Release|Any CPU
	EndGlobalSection
	GlobalSection(SolutionProperties) = preSolution
		HideSolutionNode = FALSE
	EndGlobalSection
	GlobalSection(NestedProjects) = preSolution
		{5FF4BCF8-8C17-4128-9630-217DAD8C2585} = {18DB7FEB-4A0C-4349-AA1E-21383FC644C9}
		{71016BD8-FBF1-4BEF-B432-5A94E62B9353} = {18DB7FEB-4A0C-4349-AA1E-21383FC644C9}
	EndGlobalSection
EndGlobal
